
Microsoft Visual Studio Solution File, Format Version 12.00
# Visual Studio Version 17
VisualStudioVersion = 17.12.35527.113 d17.12
MinimumVisualStudioVersion = 10.0.40219.1
Project("{FAE04EC0-301F-11D3-BF4B-00C04F79EFBC}") = "IdentityCoreProject", "IdentityCoreProject\IdentityCoreProject.csproj", "{F738EF8D-4EC3-4644-BE17-8831B157BA8F}"
EndProject
Global
	GlobalSection(SolutionConfigurationPlatforms) = preSolution
		Debug|Any CPU = Debug|Any CPU
		Release|Any CPU = Release|Any CPU
	EndGlobalSection
	GlobalSection(ProjectConfigurationPlatforms) = postSolution
		{F738EF8D-4EC3-4644-BE17-8831B157BA8F}.Debug|Any CPU.ActiveCfg = Debug|Any CPU
		{F738EF8D-4EC3-4644-BE17-8831B157BA8F}.Debug|Any CPU.Build.0 = Debug|Any CPU
		{F738EF8D-4EC3-4644-BE17-8831B157BA8F}.Release|Any CPU.ActiveCfg = Release|Any CPU
		{F738EF8D-4EC3-4644-BE17-8831B157BA8F}.Release|Any CPU.Build.0 = Release|Any CPU
	EndGlobalSection
	GlobalSection(SolutionProperties) = preSolution
		HideSolutionNode = FALSE
	EndGlobalSection
EndGlobal
